// !$*UTF8*$!
{
	archiveVersion = 1;
	classes = {
	};
	objectVersion = 55;
	objects = {

/* Begin PBXBuildFile section */
		7624072429B4ED0F009E0B43 /* CodedEyeApp.swift in Sources */ = {isa = PBXBuildFile; fileRef = 7624072329B4ED0F009E0B43 /* CodedEyeApp.swift */; };
		7624072629B4ED0F009E0B43 /* ContentView.swift in Sources */ = {isa = PBXBuildFile; fileRef = 7624072529B4ED0F009E0B43 /* ContentView.swift */; };
		7624072829B4ED17009E0B43 /* Assets.xcassets in Resources */ = {isa = PBXBuildFile; fileRef = 7624072729B4ED17009E0B43 /* Assets.xcassets */; };
		7624072B29B4ED17009E0B43 /* Preview Assets.xcassets in Resources */ = {isa = PBXBuildFile; fileRef = 7624072A29B4ED17009E0B43 /* Preview Assets.xcassets */; };
		76C2AD6F29DB80CD0020151A /* Grenze-Medium.ttf in Resources */ = {isa = PBXBuildFile; fileRef = 76C2AD6D29DB80CC0020151A /* Grenze-Medium.ttf */; };
		76C2AD7029DB80CD0020151A /* Grenze-Regular.ttf in Resources */ = {isa = PBXBuildFile; fileRef = 76C2AD6E29DB80CD0020151A /* Grenze-Regular.ttf */; };
		76C2AD7229DB80DA0020151A /* Hanuman-Light.ttf in Resources */ = {isa = PBXBuildFile; fileRef = 76C2AD7129DB80DA0020151A /* Hanuman-Light.ttf */; };
		76C2AD7729DCAD490020151A /* Inceptionv3.mlmodel in Sources */ = {isa = PBXBuildFile; fileRef = 76C2AD7629DCAD490020151A /* Inceptionv3.mlmodel */; };
/* End PBXBuildFile section */

/* Begin PBXFileReference section */
		7624072029B4ED0F009E0B43 /* CodedEye.app */ = {isa = PBXFileReference; explicitFileType = wrapper.application; includeInIndex = 0; path = CodedEye.app; sourceTree = BUILT_PRODUCTS_DIR; };
		7624072329B4ED0F009E0B43 /* CodedEyeApp.swift */ = {isa = PBXFileReference; lastKnownFileType = sourcecode.swift; path = CodedEyeApp.swift; sourceTree = "<group>"; };
		7624072529B4ED0F009E0B43 /* ContentView.swift */ = {isa = PBXFileReference; lastKnownFileType = sourcecode.swift; path = ContentView.swift; sourceTree = "<group>"; };
		7624072729B4ED17009E0B43 /* Assets.xcassets */ = {isa = PBXFileReference; lastKnownFileType = folder.assetcatalog; path = Assets.xcassets; sourceTree = "<group>"; };
		7624072A29B4ED17009E0B43 /* Preview Assets.xcassets */ = {isa = PBXFileReference; lastKnownFileType = folder.assetcatalog; path = "Preview Assets.xcassets"; sourceTree = "<group>"; };
		76C2AD6D29DB80CC0020151A /* Grenze-Medium.ttf */ = {isa = PBXFileReference; lastKnownFileType = file; path = "Grenze-Medium.ttf"; sourceTree = "<group>"; };
		76C2AD6E29DB80CD0020151A /* Grenze-Regular.ttf */ = {isa = PBXFileReference; lastKnownFileType = file; path = "Grenze-Regular.ttf"; sourceTree = "<group>"; };
		76C2AD7129DB80DA0020151A /* Hanuman-Light.ttf */ = {isa = PBXFileReference; lastKnownFileType = file; path = "Hanuman-Light.ttf"; sourceTree = "<group>"; };
		76C2AD7329DB810D0020151A /* Info.plist */ = {isa = PBXFileReference; lastKnownFileType = text.plist; path = Info.plist; sourceTree = "<group>"; };
		76C2AD7629DCAD490020151A /* Inceptionv3.mlmodel */ = {isa = PBXFileReference; lastKnownFileType = file.mlmodel; path = Inceptionv3.mlmodel; sourceTree = "<group>"; };
/* End PBXFileReference section */

/* Begin PBXFrameworksBuildPhase section */
		7624071D29B4ED0F009E0B43 /* Frameworks */ = {
			isa = PBXFrameworksBuildPhase;
			buildActionMask = 2147483647;
			files = (
			);
			runOnlyForDeploymentPostprocessing = 0;
		};
/* End PBXFrameworksBuildPhase section */

/* Begin PBXGroup section */
		7624071729B4ED0F009E0B43 = {
			isa = PBXGroup;
			children = (
				7624072229B4ED0F009E0B43 /* CodedEye */,
				7624072129B4ED0F009E0B43 /* Products */,
			);
			sourceTree = "<group>";
		};
		7624072129B4ED0F009E0B43 /* Products */ = {
			isa = PBXGroup;
			children = (
				7624072029B4ED0F009E0B43 /* CodedEye.app */,
			);
			name = Products;
			sourceTree = "<group>";
		};
		7624072229B4ED0F009E0B43 /* CodedEye */ = {
			isa = PBXGroup;
			children = (
				76C2AD7329DB810D0020151A /* Info.plist */,
				76C2AD6C29DB80AD0020151A /* fonts */,
				7624072329B4ED0F009E0B43 /* CodedEyeApp.swift */,
				7624072529B4ED0F009E0B43 /* ContentView.swift */,
				76C2AD7629DCAD490020151A /* Inceptionv3.mlmodel */,
				7624072729B4ED17009E0B43 /* Assets.xcassets */,
				7624072929B4ED17009E0B43 /* Preview Content */,
			);
			path = CodedEye;
			sourceTree = "<group>";
		};
		7624072929B4ED17009E0B43 /* Preview Content */ = {
			isa = PBXGroup;
			children = (
				7624072A29B4ED17009E0B43 /* Preview Assets.xcassets */,
			);
			path = "Preview Content";
			sourceTree = "<group>";
		};
		76C2AD6C29DB80AD0020151A /* fonts */ = {
			isa = PBXGroup;
			children = (
				76C2AD7129DB80DA0020151A /* Hanuman-Light.ttf */,
				76C2AD6D29DB80CC0020151A /* Grenze-Medium.ttf */,
				76C2AD6E29DB80CD0020151A /* Grenze-Regular.ttf */,
			);
			path = fonts;
			sourceTree = "<group>";
		};
/* End PBXGroup section */

/* Begin PBXNativeTarget section */
		7624071F29B4ED0F009E0B43 /* CodedEye */ = {
			isa = PBXNativeTarget;
			buildConfigurationList = 7624072E29B4ED17009E0B43 /* Build configuration list for PBXNativeTarget "CodedEye" */;
			buildPhases = (
				7624071C29B4ED0F009E0B43 /* Sources */,
				7624071D29B4ED0F009E0B43 /* Frameworks */,
				7624071E29B4ED0F009E0B43 /* Resources */,
			);
			buildRules = (
			);
			dependencies = (
			);
			name = CodedEye;
			productName = CodedEye;
			productReference = 7624072029B4ED0F009E0B43 /* CodedEye.app */;
			productType = "com.apple.product-type.application";
		};
/* End PBXNativeTarget section */

/* Begin PBXProject section */
		7624071829B4ED0F009E0B43 /* Project object */ = {
			isa = PBXProject;
			attributes = {
				BuildIndependentTargetsInParallel = 1;
				LastSwiftUpdateCheck = 1340;
				LastUpgradeCheck = 1340;
				TargetAttributes = {
					7624071F29B4ED0F009E0B43 = {
						CreatedOnToolsVersion = 13.4.1;
					};
				};
			};
			buildConfigurationList = 7624071B29B4ED0F009E0B43 /* Build configuration list for PBXProject "CodedEye" */;
			compatibilityVersion = "Xcode 13.0";
			developmentRegion = en;
			hasScannedForEncodings = 0;
			knownRegions = (
				en,
				Base,
			);
			mainGroup = 7624071729B4ED0F009E0B43;
			productRefGroup = 7624072129B4ED0F009E0B43 /* Products */;
			projectDirPath = "";
			projectRoot = "";
			targets = (
				7624071F29B4ED0F009E0B43 /* CodedEye */,
			);
		};
/* End PBXProject section */

/* Begin PBXResourcesBuildPhase section */
		7624071E29B4ED0F009E0B43 /* Resources */ = {
			isa = PBXResourcesBuildPhase;
			buildActionMask = 2147483647;
			files = (
				76C2AD7029DB80CD0020151A /* Grenze-Regular.ttf in Resources */,
				7624072B29B4ED17009E0B43 /* Preview Assets.xcassets in Resources */,
				7624072829B4ED17009E0B43 /* Assets.xcassets in Resources */,
				76C2AD6F29DB80CD0020151A /* Grenze-Medium.ttf in Resources */,
				76C2AD7229DB80DA0020151A /* Hanuman-Light.ttf in Resources */,
			);
			runOnlyForDeploymentPostprocessing = 0;
		};
/* End PBXResourcesBuildPhase section */

/* Begin PBXSourcesBuildPhase section */
		7624071C29B4ED0F009E0B43 /* Sources */ = {
			isa = PBXSourcesBuildPhase;
			buildActionMask = 2147483647;
			files = (
				7624072629B4ED0F009E0B43 /* ContentView.swift in Sources */,
				76C2AD7729DCAD490020151A /* Inceptionv3.mlmodel in Sources */,
				7624072429B4ED0F009E0B43 /* CodedEyeApp.swift in Sources */,
			);
			runOnlyForDeploymentPostprocessing = 0;
		};
/* End PBXSourcesBuildPhase section */

/* Begin XCBuildConfiguration section */
		7624072C29B4ED17009E0B43 /* Debug */ = {
			isa = XCBuildConfiguration;
			buildSettings = {
				ALWAYS_SEARCH_USER_PATHS = NO;
				CLANG_ANALYZER_NONNULL = YES;
				CLANG_ANALYZER_NUMBER_OBJECT_CONVERSION = YES_AGGRESSIVE;
				CLANG_CXX_LANGUAGE_STANDARD = "gnu++17";
				CLANG_ENABLE_MODULES = YES;
				CLANG_ENABLE_OBJC_ARC = YES;
				CLANG_ENABLE_OBJC_WEAK = YES;
				CLANG_WARN_BLOCK_CAPTURE_AUTORELEASING = YES;
				CLANG_WARN_BOOL_CONVERSION = YES;
				CLANG_WARN_COMMA = YES;
				CLANG_WARN_CONSTANT_CONVERSION = YES;
				CLANG_WARN_DEPRECATED_OBJC_IMPLEMENTATIONS = YES;
				CLANG_WARN_DIRECT_OBJC_ISA_USAGE = YES_ERROR;
				CLANG_WARN_DOCUMENTATION_COMMENTS = YES;
				CLANG_WARN_EMPTY_BODY = YES;
				CLANG_WARN_ENUM_CONVERSION = YES;
				CLANG_WARN_INFINITE_RECURSION = YES;
				CLANG_WARN_INT_CONVERSION = YES;
				CLANG_WARN_NON_LITERAL_NULL_CONVERSION = YES;
				CLANG_WARN_OBJC_IMPLICIT_RETAIN_SELF = YES;
				CLANG_WARN_OBJC_LITERAL_CONVERSION = YES;
				CLANG_WARN_OBJC_ROOT_CLASS = YES_ERROR;
				CLANG_WARN_QUOTED_INCLUDE_IN_FRAMEWORK_HEADER = YES;
				CLANG_WARN_RANGE_LOOP_ANALYSIS = YES;
				CLANG_WARN_STRICT_PROTOTYPES = YES;
				CLANG_WARN_SUSPICIOUS_MOVE = YES;
				CLANG_WARN_UNGUARDED_AVAILABILITY = YES_AGGRESSIVE;
				CLANG_WARN_UNREACHABLE_CODE = YES;
				CLANG_WARN__DUPLICATE_METHOD_MATCH = YES;
				COPY_PHASE_STRIP = NO;
				DEBUG_INFORMATION_FORMAT = dwarf;
				ENABLE_STRICT_OBJC_MSGSEND = YES;
				ENABLE_TESTABILITY = YES;
				GCC_C_LANGUAGE_STANDARD = gnu11;
				GCC_DYNAMIC_NO_PIC = NO;
				GCC_NO_COMMON_BLOCKS = YES;
				GCC_OPTIMIZATION_LEVEL = 0;
				GCC_PREPROCESSOR_DEFINITIONS = (
					"DEBUG=1",
					"$(inherited)",
				);
				GCC_WARN_64_TO_32_BIT_CONVERSION = YES;
				GCC_WARN_ABOUT_RETURN_TYPE = YES_ERROR;
				GCC_WARN_UNDECLARED_SELECTOR = YES;
				GCC_WARN_UNINITIALIZED_AUTOS = YES_AGGRESSIVE;
				GCC_WARN_UNUSED_FUNCTION = YES;
				GCC_WARN_UNUSED_VARIABLE = YES;
				IPHONEOS_DEPLOYMENT_TARGET = 15.5;
				MTL_ENABLE_DEBUG_INFO = INCLUDE_SOURCE;
				MTL_FAST_MATH = YES;
				ONLY_ACTIVE_ARCH = YES;
				SDKROOT = iphoneos;
				SWIFT_ACTIVE_COMPILATION_CONDITIONS = DEBUG;
				SWIFT_OPTIMIZATION_LEVEL = "-Onone";
			};
			name = Debug;
		};
		7624072D29B4ED17009E0B43 /* Release */ = {
			isa = XCBuildConfiguration;
			buildSettings = {
				ALWAYS_SEARCH_USER_PATHS = NO;
				CLANG_ANALYZER_NONNULL = YES;
				CLANG_ANALYZER_NUMBER_OBJECT_CONVERSION = YES_AGGRESSIVE;
				CLANG_CXX_LANGUAGE_STANDARD = "gnu++17";
				CLANG_ENABLE_MODULES = YES;
				CLANG_ENABLE_OBJC_ARC = YES;
				CLANG_ENABLE_OBJC_WEAK = YES;
				CLANG_WARN_BLOCK_CAPTURE_AUTORELEASING = YES;
				CLANG_WARN_BOOL_CONVERSION = YES;
				CLANG_WARN_COMMA = YES;
				CLANG_WARN_CONSTANT_CONVERSION = YES;
				CLANG_WARN_DEPRECATED_OBJC_IMPLEMENTATIONS = YES;
				CLANG_WARN_DIRECT_OBJC_ISA_USAGE = YES_ERROR;
				CLANG_WARN_DOCUMENTATION_COMMENTS = YES;
				CLANG_WARN_EMPTY_BODY = YES;
				CLANG_WARN_ENUM_CONVERSION = YES;
				CLANG_WARN_INFINITE_RECURSION = YES;
				CLANG_WARN_INT_CONVERSION = YES;
				CLANG_WARN_NON_LITERAL_NULL_CONVERSION = YES;
				CLANG_WARN_OBJC_IMPLICIT_RETAIN_SELF = YES;
				CLANG_WARN_OBJC_LITERAL_CONVERSION = YES;
				CLANG_WARN_OBJC_ROOT_CLASS = YES_ERROR;
				CLANG_WARN_QUOTED_INCLUDE_IN_FRAMEWORK_HEADER = YES;
				CLANG_WARN_RANGE_LOOP_ANALYSIS = YES;
				CLANG_WARN_STRICT_PROTOTYPES = YES;
				CLANG_WARN_SUSPICIOUS_MOVE = YES;
				CLANG_WARN_UNGUARDED_AVAILABILITY = YES_AGGRESSIVE;
				CLANG_WARN_UNREACHABLE_CODE = YES;
				CLANG_WARN__DUPLICATE_METHOD_MATCH = YES;
				COPY_PHASE_STRIP = NO;
				DEBUG_INFORMATION_FORMAT = "dwarf-with-dsym";
				ENABLE_NS_ASSERTIONS = NO;
				ENABLE_STRICT_OBJC_MSGSEND = YES;
				GCC_C_LANGUAGE_STANDARD = gnu11;
				GCC_NO_COMMON_BLOCKS = YES;
				GCC_WARN_64_TO_32_BIT_CONVERSION = YES;
				GCC_WARN_ABOUT_RETURN_TYPE = YES_ERROR;
				GCC_WARN_UNDECLARED_SELECTOR = YES;
				GCC_WARN_UNINITIALIZED_AUTOS = YES_AGGRESSIVE;
				GCC_WARN_UNUSED_FUNCTION = YES;
				GCC_WARN_UNUSED_VARIABLE = YES;
				IPHONEOS_DEPLOYMENT_TARGET = 15.5;
				MTL_ENABLE_DEBUG_INFO = NO;
				MTL_FAST_MATH = YES;
				SDKROOT = iphoneos;
				SWIFT_COMPILATION_MODE = wholemodule;
				SWIFT_OPTIMIZATION_LEVEL = "-O";
				VALIDATE_PRODUCT = YES;
			};
			name = Release;
		};
		7624072F29B4ED17009E0B43 /* Debug */ = {
			isa = XCBuildConfiguration;
			buildSettings = {
				ASSETCATALOG_COMPILER_APPICON_NAME = AppIcon;
				ASSETCATALOG_COMPILER_GLOBAL_ACCENT_COLOR_NAME = AccentColor;
				CODE_SIGN_STYLE = Automatic;
				CURRENT_PROJECT_VERSION = 1;
				DEVELOPMENT_ASSET_PATHS = "\"CodedEye/Preview Content\"";
				DEVELOPMENT_TEAM = TZ6PS855Z9;
				ENABLE_PREVIEWS = YES;
				GENERATE_INFOPLIST_FILE = YES;
				INFOPLIST_FILE = CodedEye/Info.plist;
				INFOPLIST_KEY_CFBundleDisplayName = "";
				INFOPLIST_KEY_LSApplicationCategoryType = "";
				INFOPLIST_KEY_NSCameraUsageDescription = "";
				INFOPLIST_KEY_UIApplicationSceneManifest_Generation = YES;
				INFOPLIST_KEY_UIApplicationSupportsIndirectInputEvents = YES;
				INFOPLIST_KEY_UISupportedInterfaceOrientations_iPad = "UIInterfaceOrientationPortrait UIInterfaceOrientationPortraitUpsideDown UIInterfaceOrientationLandscapeLeft UIInterfaceOrientationLandscapeRight";
				INFOPLIST_KEY_UISupportedInterfaceOrientations_iPhone = "UIInterfaceOrientationPortrait UIInterfaceOrientationLandscapeLeft UIInterfaceOrientationLandscapeRight";
				LD_RUNPATH_SEARCH_PATHS = (
					"$(inherited)",
					"@executable_path/Frameworks",
				);
				MARKETING_VERSION = 1.0;
				PRODUCT_BUNDLE_IDENTIFIER = Apurv.CodedEye;
				PRODUCT_NAME = "$(TARGET_NAME)";
				SWIFT_EMIT_LOC_STRINGS = YES;
				SWIFT_VERSION = 5.0;
				TARGETED_DEVICE_FAMILY = "1,2";
			};
			name = Debug;
		};
		7624073029B4ED17009E0B43 /* Release */ = {
			isa = XCBuildConfiguration;
			buildSettings = {
				ASSETCATALOG_COMPILER_APPICON_NAME = AppIcon;
				ASSETCATALOG_COMPILER_GLOBAL_ACCENT_COLOR_NAME = AccentColor;
				CODE_SIGN_STYLE = Automatic;
				CURRENT_PROJECT_VERSION = 1;
				DEVELOPMENT_ASSET_PATHS = "\"CodedEye/Preview Content\"";
				DEVELOPMENT_TEAM = TZ6PS855Z9;
				ENABLE_PREVIEWS = YES;
				GENERATE_INFOPLIST_FILE = YES;
				INFOPLIST_FILE = CodedEye/Info.plist;
				INFOPLIST_KEY_CFBundleDisplayName = "";
				INFOPLIST_KEY_LSApplicationCategoryType = "";
				INFOPLIST_KEY_NSCameraUsageDescription = "";
				INFOPLIST_KEY_UIApplicationSceneManifest_Generation = YES;
				INFOPLIST_KEY_UIApplicationSupportsIndirectInputEvents = YES;
				INFOPLIST_KEY_UISupportedInterfaceOrientations_iPad = "UIInterfaceOrientationPortrait UIInterfaceOrientationPortraitUpsideDown UIInterfaceOrientationLandscapeLeft UIInterfaceOrientationLandscapeRight";
				INFOPLIST_KEY_UISupportedInterfaceOrientations_iPhone = "UIInterfaceOrientationPortrait UIInterfaceOrientationLandscapeLeft UIInterfaceOrientationLandscapeRight";
				LD_RUNPATH_SEARCH_PATHS = (
					"$(inherited)",
					"@executable_path/Frameworks",
				);
				MARKETING_VERSION = 1.0;
				PRODUCT_BUNDLE_IDENTIFIER = Apurv.CodedEye;
				PRODUCT_NAME = "$(TARGET_NAME)";
				SWIFT_EMIT_LOC_STRINGS = YES;
				SWIFT_VERSION = 5.0;
				TARGETED_DEVICE_FAMILY = "1,2";
			};
			name = Release;
		};
/* End XCBuildConfiguration section */

/* Begin XCConfigurationList section */
		7624071B29B4ED0F009E0B43 /* Build configuration list for PBXProject "CodedEye" */ = {
			isa = XCConfigurationList;
			buildConfigurations = (
				7624072C29B4ED17009E0B43 /* Debug */,
				7624072D29B4ED17009E0B43 /* Release */,
			);
			defaultConfigurationIsVisible = 0;
			defaultConfigurationName = Release;
		};
		7624072E29B4ED17009E0B43 /* Build configuration list for PBXNativeTarget "CodedEye" */ = {
			isa = XCConfigurationList;
			buildConfigurations = (
				7624072F29B4ED17009E0B43 /* Debug */,
				7624073029B4ED17009E0B43 /* Release */,
			);
			defaultConfigurationIsVisible = 0;
			defaultConfigurationName = Release;
		};
/* End XCConfigurationList section */
	};
	rootObject = 7624071829B4ED0F009E0B43 /* Project object */;
}
